
Microsoft Visual Studio Solution File, Format Version 12.00
Project("{FAE04EC0-301F-11D3-BF4B-00C04F79EFBC}") = "DinhVanHaiT2502SEM3", "DinhVanHaiT2502SEM3\DinhVanHaiT2502SEM3.csproj", "{37D97047-A684-4256-A864-8BFFC67781BC}"
EndProject
Global
	GlobalSection(SolutionConfigurationPlatforms) = preSolution
		Debug|Any CPU = Debug|Any CPU
		Release|Any CPU = Release|Any CPU
	EndGlobalSection
	GlobalSection(ProjectConfigurationPlatforms) = postSolution
		{37D97047-A684-4256-A864-8BFFC67781BC}.Debug|Any CPU.ActiveCfg = Debug|Any CPU
		{37D97047-A684-4256-A864-8BFFC67781BC}.Debug|Any CPU.Build.0 = Debug|Any CPU
		{37D97047-A684-4256-A864-8BFFC67781BC}.Release|Any CPU.ActiveCfg = Release|Any CPU
		{37D97047-A684-4256-A864-8BFFC67781BC}.Release|Any CPU.Build.0 = Release|Any CPU
	EndGlobalSection
EndGlobal
